{
    "_meta": {
        "hash": {
            "sha256": "c21ccef5675472404b267f6526faf9085635f989cafb9fe59ca0fc11ede632a9"
        },
        "pipfile-spec": 6,
        "requires": {
            "python_version": "3.6"
        },
        "sources": [
            {
                "name": "pypi",
                "url": "https://pypi.org/simple",
                "verify_ssl": true
            }
        ]
    },
    "default": {
        "click": {
            "hashes": [
                "sha256:2335065e6395b9e67ca716de5f7526736bfa6ceead690adf616d925bdc622b13",
                "sha256:5b94b49521f6456670fdb30cd82a4eca9412788a93fa6dd6df72c94d5a8ff2d7"
            ],
            "version": "==7.0"
        },
        "dimod": {
            "hashes": [
                "sha256:0830169b1037c2661e4fda51d4c1cca1ed6068b4c7a5559e096fae84a3b0f811",
                "sha256:0de15e231241c4fa8e12b53a967a880a94aa70dec800de23526a175bb1f874a0",
                "sha256:1024da50fb31e90b1c7c88fbe8cd73e0670bed297e8dc85cf71336d84def8326",
                "sha256:122191a68abb99129f80ac245f41ec73196e8782b0b1b131653cca26fc977347",
                "sha256:1874f3d5d968ab813a8e2e75caffb3e3dd1fb3970413f34d0822cab1b4665319",
                "sha256:1d2c688ff77d90ce58ccc9e04375f804694c9925f6ab33e93d0e00dcd39dd98f",
                "sha256:3de39a0e9b31723c372de862075279e7743999e77c0ff5125627a2c0b1ea4d91",
                "sha256:4435f570688926aa2f565e0142beef29c23396788dd0af9c6669fafd0dcfd28d",
                "sha256:551c72f5ee0ff8c46338e0af8d4f0aba8467768989261707a64b65023422c5e8",
                "sha256:560d20ac9224bfe32caaba0705614f12aadd3cbb37765896cc00a97521f35878",
                "sha256:5a47842bf290fb3045a88f1a131287cb554eac130e1d8f6b29a7ecbfdfcff043",
                "sha256:5dc82ec573b41d058476bd277b20e69d99b28dfe45d094579102efcec0b061f9",
                "sha256:5fdaf45de17ac7d21ed6a864f87a06cd567e895dbb03b0872ec1efb71507b4d8",
                "sha256:6d5719f92a7f610f28c5638a91f00ea10d231b74054a32b954e046bf5a834765",
                "sha256:779d0c0b742b323c35800c96fd35e4f9e6cef7c8e67af53a79d7169a84aa8acb",
                "sha256:7a72be3194feebada74b5e027826b92117f96d488d227d47d0909801e7bb68af",
                "sha256:8693e19e96b0e59152c3fb8a0ee7b938b60e4ddb9b24ef93ffb696ceb4cbc57a",
                "sha256:877c610758d8efefebc784f9dc480cad03f2664456463bd6e9c8beb42c41b6dd",
                "sha256:8a0d800a970701bd0f254007e6c49fcbffb1dc934b6a71c14940452db69babc7",
                "sha256:92c13c781ee311e6cdb59d016a6457807e189982ed805c251bdc14909ff0400c",
                "sha256:a2d9345d2209e97d5f73edba0825a84b9af13b0cfb26734213f0e7a5c44263b1",
                "sha256:af3f6df43b8a939caecc7d9246569ca836314bf79b61075c397d4df6ead01bea",
                "sha256:d99dfca264dedbff742da262293d3caaee78820b816ede5351ed144119e9f309",
                "sha256:df88eb33acd549011e02feefb8394ab7e9c8927d2aae8b51bc3729dbbd1ec9a9",
                "sha256:ead7d857dfbbbb0254c7bc1038ba4fc10eb1322c4edb36fa7fc4ad81cd8e7830",
                "sha256:f396856dcbd2ffa0a692bfe803385c5fa2c601cff030312a7aa6fc7f1aefc598",
                "sha256:f551026ce79893c5305b6e447c82f44dd2f15d461bf353115ed0eb73929bb0ec",
                "sha256:fea9f577f7e271b512b2c97043357e1b3a7a3a0227a5546f621a8ac860bb8b50"
            ],
            "version": "==0.8.9"
        },
        "dwave-neal": {
            "hashes": [
                "sha256:04c91c39ad68d3401a938d5f882ef42ade80aeb84fd196071fb5337a01292a16",
                "sha256:25c2d092b30f7a867ed0c6585d5b55934d3d1d90361fbe5e3086f3893ec75d14",
                "sha256:2a08eff97bfddce8f1b4a90c843438ca9d2a6617665c6bae97f56ea1dd0f4c45",
                "sha256:4125e1dc6523d20f696a1d916a21d2ea1741977074966bc8467a4ec8e645aa2a",
                "sha256:5b0d69f304ddb74b2da4926dc93807d366b80765ec39c6cc535bf7fada6947a9",
                "sha256:6188c69b0a2b3393b4af7a5ed35ab5cf34074b86b75a3bbf68f47a042cf437f1",
                "sha256:654337da6db99d500f6cbdfa87ef7899d4e53cd58c85ff557bd922810f71e393",
                "sha256:75386a1242f6b097785b3492775ba91180a3499d8d8234721563781e8cea66d2",
                "sha256:7db19160eed27897e5946cb2f45926847492b0f83ba5216878bcc50deadcfb53",
                "sha256:81a17ab3f5da90ccd53461dde3f65df271afa3ab4910a0c45c65ea4ef44f166d",
                "sha256:83981e626abcf709df1ee47fcb716058d9d8d948172ce67d135c7b107fb6373f",
                "sha256:87529e09788722ed9fc7b6fef7907a4b2242147c4681de72e5e596b4d66c020a",
                "sha256:897bb6fc961f0f7f857f5fa87b04baa838661ca9edd1fe3cf51d6783514cf0ac",
                "sha256:8a105a488ce01481119d61a0dd4687da8b9fdff088865d03355f650628011af1",
                "sha256:8f99b343b43708bd99538e0c08871c42f95166cf5ae0db344ebc619e1387d498",
                "sha256:9645c43316fa2583e466ded47f5eec99d8c070f0af15b7f33cda43573879f3af",
                "sha256:97b659c021060e36149cc0889e0f3b641ce9220e901c3d2399ce8946a047f76d",
                "sha256:9be849dcb5912778d86154e5e3f37827cfe31089a94cbabdea65f87e91ef3203",
                "sha256:9d4b0a89d6a1a96fd7d56ac8deee2745c8924e976ca43f07cbbe549dc4947618",
                "sha256:9d68f26cf2d17219ee1c86929622736f7b6da534f4ba36eb48873b45cbf5a21b",
                "sha256:a64ad785b58d2e6914bc2f586b46137124b340296b6a5ce3970ef7c21e593676",
                "sha256:ac048b54e294c0ba10650217849cc0c413e655d09e71fa0a0bf813124acda1c6",
                "sha256:b05b50bb11dda853081f5485493ffd5c1d514705e25a8ad6765fa777e3544772",
                "sha256:bad4d816afe10805b640e6d6521ffbca51d08f6d9172f08bb071a13921d9d8a4",
                "sha256:be9d63fc4d8a299c0f6efa30f10f79e01ea73ff9bf7fcc443d69f811f8c66298",
                "sha256:cca1dd1d8e0ce394e4cdbfe58cd7e1c85063da4cfb228bbefed29438cd709a3f",
                "sha256:f0163884d0b88e15c857a53c9b2c14d20bc0193948ecf342de655e172608c151",
                "sha256:fae95c4d74d4a23218cf125dce65820610919127bd738e0c7f2f7bc2ae33e2bc"
            ],
            "index": "pypi",
            "version": "==0.4.5"
        },
        "dwave-qbsolv": {
            "hashes": [
                "sha256:01af1a45f272a3b721ce01bc51175386231bf7ef5c7e8e46f5eeb87fd202d100",
                "sha256:0db5e043eaea0aedea1bcade3f006c122f48a109dbec5e1a2e32a583bd2b3988",
                "sha256:10a3ed3250ad5ef205c187a521708cde5cd50a1cc08e85daea4e96592e5f200c",
                "sha256:1493e8d5537035cd3f27e6340878764bf622247ff75267ffb441acc222f2abd0",
                "sha256:1ca6ecc8a34ba342c732dd335537efca03597ce7f1b7d998251d8d5f5622e8b6",
                "sha256:2698f070fc7ae7fd5fb4465667ea9b78652646baacb0d6c9ce69f987184e301d",
                "sha256:2713b85163c9398a15fb8316afa5bd6e1d1d9cf7ac37d1f63cc68d8930cb99f3",
                "sha256:46152caf74aee623c49fff895bc0f3b4963e07658276dde9c560d1b1b8273391",
                "sha256:49d70f31099376d83dd1a1ac9e6c6200d6bd17bc530a4db0a157cff4ff3cb6f2",
                "sha256:51239ade1ac9d5cb01c87f5f222cbd1245a33c79bebba37fcbbdc522fc343b1f",
                "sha256:5535a331b465b66409b6c8006eabb0448e0a25af7de80e4e5f375c371c46c1ba",
                "sha256:62c89eb0888db398e073f17df2468cadc6bc618fd34700ef7fd8e087392fb39f",
                "sha256:7a2d3c2e0c3326d61bdf13d23c318594267a847ca0b52efd058a98ad209df635",
                "sha256:965858d1228f85ec3a411c4a5283bc98feb8135cac4b50aafca3cc38c18331b1",
                "sha256:9de37d2296ddcf18a36be5306c03a2805c84a28bb92850aa39cb4f802789d90e",
                "sha256:b1b08ec54c12bb12ea12960f432c38889e94002aec2c44e4f47b3eda9fcfb2f2",
                "sha256:b3ba9aea9021d00947cc88a2eb482ac4d9d7ea8f0df7091e5385806d0814251d",
                "sha256:becaf7ce0ce724f2ca3cfe7c5d45e74f8e1e5820d6387b21d1b5a32f4039a2a6",
                "sha256:db22470cd8fed80217d31a9a490055df4c54970203606d4d5141b1abdcf8abce",
                "sha256:dee031f2cbdab41fa5bcebcdd8d9ba77759bc02650fa4b343746d70f17f397d5",
                "sha256:e113ca5c2ccac8675244c54e19d6e0dd26387ba2655d7c28287978b33e9b75a0",
                "sha256:e64c3761d051a9f8916f109ef874af66eac327822cc5b4bf929074d222809fa7",
                "sha256:ead56aa186e3001f3b5a210e991865997d306cf95d2d7a872ff06804ed21a9c5",
                "sha256:ecc96e49f121e3f91f380b13fabc6089b6c9f740d03c59cdf9d478fad78931d9",
                "sha256:ed243bfdacf04746d0ad9448792f0e12ba965c543ba55f08729248430f1125e7",
                "sha256:f82a1810cf15ea5fd9579dc12f3bcf3c3bf4722dcd2a96a628f29e1973c71339",
                "sha256:fbbc155a9b4fe2273b678edf54e58d51a8e871deb80eeceec8cad7a31b44788d",
                "sha256:fbd26caaf180949de1b228b57c539ac19a750836b0f55c29ed0a271585e34d0e"
            ],
            "index": "pypi",
            "version": "==0.2.10"
        },
        "flask": {
            "hashes": [
                "sha256:2271c0070dbcb5275fad4a82e29f23ab92682dc45f9dfbc22c02ba9b9322ce48",
                "sha256:a080b744b7e345ccfcbc77954861cb05b3c63786e93f2b3875e0913d44b43f05"
            ],
            "index": "pypi",
            "version": "==1.0.2"
        },
        "flask-wtf": {
            "hashes": [
                "sha256:5d14d55cfd35f613d99ee7cba0fc3fbbe63ba02f544d349158c14ca15561cc36",
                "sha256:d9a9e366b32dcbb98ef17228e76be15702cd2600675668bca23f63a7947fd5ac"
            ],
            "index": "pypi",
            "version": "==0.14.2"
        },
        "itsdangerous": {
            "hashes": [
                "sha256:321b033d07f2a4136d3ec762eac9f16a10ccd60f53c0c91af90217ace7ba1f19",
                "sha256:b12271b2047cb23eeb98c8b5622e2e5c5e9abd9784a153e9d8ef9cb4dd09d749"
            ],
            "version": "==1.1.0"
        },
        "jinja2": {
            "hashes": [
                "sha256:74c935a1b8bb9a3947c50a54766a969d4846290e1e788ea44c1392163723c3bd",
                "sha256:f84be1bb0040caca4cea721fcbbbbd61f9be9464ca236387158b0feea01914a4"
            ],
            "version": "==2.10"
        },
        "jsonschema": {
            "hashes": [
                "sha256:000e68abd33c972a5248544925a0cae7d1125f9bf6c58280d37546b946769a08",
                "sha256:6ff5f3180870836cae40f06fa10419f557208175f13ad7bc26caa77beb1f6e02"
            ],
            "version": "==2.6.0"
        },
        "markupsafe": {
            "hashes": [
                "sha256:00bc623926325b26bb9605ae9eae8a215691f33cae5df11ca5424f06f2d1f473",
                "sha256:09027a7803a62ca78792ad89403b1b7a73a01c8cb65909cd876f7fcebd79b161",
                "sha256:09c4b7f37d6c648cb13f9230d847adf22f8171b1ccc4d5682398e77f40309235",
                "sha256:1027c282dad077d0bae18be6794e6b6b8c91d58ed8a8d89a89d59693b9131db5",
                "sha256:24982cc2533820871eba85ba648cd53d8623687ff11cbb805be4ff7b4c971aff",
                "sha256:29872e92839765e546828bb7754a68c418d927cd064fd4708fab9fe9c8bb116b",
                "sha256:43a55c2930bbc139570ac2452adf3d70cdbb3cfe5912c71cdce1c2c6bbd9c5d1",
                "sha256:46c99d2de99945ec5cb54f23c8cd5689f6d7177305ebff350a58ce5f8de1669e",
                "sha256:500d4957e52ddc3351cabf489e79c91c17f6e0899158447047588650b5e69183",
                "sha256:535f6fc4d397c1563d08b88e485c3496cf5784e927af890fb3c3aac7f933ec66",
                "sha256:62fe6c95e3ec8a7fad637b7f3d372c15ec1caa01ab47926cfdf7a75b40e0eac1",
                "sha256:6dd73240d2af64df90aa7c4e7481e23825ea70af4b4922f8ede5b9e35f78a3b1",
                "sha256:717ba8fe3ae9cc0006d7c451f0bb265ee07739daf76355d06366154ee68d221e",
                "sha256:79855e1c5b8da654cf486b830bd42c06e8780cea587384cf6545b7d9ac013a0b",
                "sha256:7c1699dfe0cf8ff607dbdcc1e9b9af1755371f92a68f706051cc8c37d447c905",
                "sha256:88e5fcfb52ee7b911e8bb6d6aa2fd21fbecc674eadd44118a9cc3863f938e735",
                "sha256:8defac2f2ccd6805ebf65f5eeb132adcf2ab57aa11fdf4c0dd5169a004710e7d",
                "sha256:98c7086708b163d425c67c7a91bad6e466bb99d797aa64f965e9d25c12111a5e",
                "sha256:9add70b36c5666a2ed02b43b335fe19002ee5235efd4b8a89bfcf9005bebac0d",
                "sha256:9bf40443012702a1d2070043cb6291650a0841ece432556f784f004937f0f32c",
                "sha256:ade5e387d2ad0d7ebf59146cc00c8044acbd863725f887353a10df825fc8ae21",
                "sha256:b00c1de48212e4cc9603895652c5c410df699856a2853135b3967591e4beebc2",
                "sha256:b1282f8c00509d99fef04d8ba936b156d419be841854fe901d8ae224c59f0be5",
                "sha256:b2051432115498d3562c084a49bba65d97cf251f5a331c64a12ee7e04dacc51b",
                "sha256:ba59edeaa2fc6114428f1637ffff42da1e311e29382d81b339c1817d37ec93c6",
                "sha256:c8716a48d94b06bb3b2524c2b77e055fb313aeb4ea620c8dd03a105574ba704f",
                "sha256:cd5df75523866410809ca100dc9681e301e3c27567cf498077e8551b6d20e42f",
                "sha256:e249096428b3ae81b08327a63a485ad0878de3fb939049038579ac0ef61e17e7"
            ],
            "version": "==1.1.1"
        },
        "numpy": {
            "hashes": [
                "sha256:0df89ca13c25eaa1621a3f09af4c8ba20da849692dcae184cb55e80952c453fb",
                "sha256:154c35f195fd3e1fad2569930ca51907057ae35e03938f89a8aedae91dd1b7c7",
                "sha256:18e84323cdb8de3325e741a7a8dd4a82db74fde363dce32b625324c7b32aa6d7",
                "sha256:1e8956c37fc138d65ded2d96ab3949bd49038cc6e8a4494b1515b0ba88c91565",
                "sha256:23557bdbca3ccbde3abaa12a6e82299bc92d2b9139011f8c16ca1bb8c75d1e95",
                "sha256:24fd645a5e5d224aa6e39d93e4a722fafa9160154f296fd5ef9580191c755053",
                "sha256:36e36b6868e4440760d4b9b44587ea1dc1f06532858d10abba98e851e154ca70",
                "sha256:3d734559db35aa3697dadcea492a423118c5c55d176da2f3be9c98d4803fc2a7",
                "sha256:416a2070acf3a2b5d586f9a6507bb97e33574df5bd7508ea970bbf4fc563fa52",
                "sha256:4a22dc3f5221a644dfe4a63bf990052cc674ef12a157b1056969079985c92816",
                "sha256:4d8d3e5aa6087490912c14a3c10fbdd380b40b421c13920ff468163bc50e016f",
                "sha256:4f41fd159fba1245e1958a99d349df49c616b133636e0cf668f169bce2aeac2d",
                "sha256:561ef098c50f91fbac2cc9305b68c915e9eb915a74d9038ecf8af274d748f76f",
                "sha256:56994e14b386b5c0a9b875a76d22d707b315fa037affc7819cda08b6d0489756",
                "sha256:73a1f2a529604c50c262179fcca59c87a05ff4614fe8a15c186934d84d09d9a5",
                "sha256:7da99445fd890206bfcc7419f79871ba8e73d9d9e6b82fe09980bc5bb4efc35f",
                "sha256:99d59e0bcadac4aa3280616591fb7bcd560e2218f5e31d5223a2e12a1425d495",
                "sha256:a4cc09489843c70b22e8373ca3dfa52b3fab778b57cf81462f1203b0852e95e3",
                "sha256:a61dc29cfca9831a03442a21d4b5fd77e3067beca4b5f81f1a89a04a71cf93fa",
                "sha256:b1853df739b32fa913cc59ad9137caa9cc3d97ff871e2bbd89c2a2a1d4a69451",
                "sha256:b1f44c335532c0581b77491b7715a871d0dd72e97487ac0f57337ccf3ab3469b",
                "sha256:b261e0cb0d6faa8fd6863af26d30351fd2ffdb15b82e51e81e96b9e9e2e7ba16",
                "sha256:c857ae5dba375ea26a6228f98c195fec0898a0fd91bcf0e8a0cae6d9faf3eca7",
                "sha256:cf5bb4a7d53a71bb6a0144d31df784a973b36d8687d615ef6a7e9b1809917a9b",
                "sha256:db9814ff0457b46f2e1d494c1efa4111ca089e08c8b983635ebffb9c1573361f",
                "sha256:df04f4bad8a359daa2ff74f8108ea051670cafbca533bb2636c58b16e962989e",
                "sha256:ecf81720934a0e18526177e645cbd6a8a21bb0ddc887ff9738de07a1df5c6b61",
                "sha256:edfa6fba9157e0e3be0f40168eb142511012683ac3dc82420bee4a3f3981b30e"
            ],
            "index": "pypi",
            "version": "==1.15.4"
        },
        "pulp": {
            "hashes": [
                "sha256:07dffada5bdd02f20f21285388894da9da0be840498789c43f59e10c90205109"
            ],
            "index": "pypi",
            "version": "==1.6.9"
        },
        "pyparsing": {
            "hashes": [
                "sha256:66c9268862641abcac4a96ba74506e594c884e3f57690a696d21ad8210ed667a",
                "sha256:f6c5ef0d7480ad048c054c37632c67fca55299990fff127850181659eea33fc3"
            ],
            "version": "==2.3.1"
        },
        "six": {
            "hashes": [
                "sha256:3350809f0555b11f552448330d0b52d5f24c91a322ea4a15ef22629740f3761c",
                "sha256:d16a0141ec1a18405cd4ce8b4613101da75da0e9a7aec5bdd4fa804d0e0eba73"
            ],
            "version": "==1.12.0"
        },
        "werkzeug": {
            "hashes": [
                "sha256:96da23fa8ccecbc3ae832a83df5c722c11547d021637faacb0bec4dd2f4666c8",
                "sha256:ca5c2dcd367d6c0df87185b9082929d255358f5391923269335782b213d52655"
            ],
            "version": "==0.15.1"
        },
        "wtforms": {
            "hashes": [
                "sha256:0cdbac3e7f6878086c334aa25dc5a33869a3954e9d1e015130d65a69309b3b61",
                "sha256:e3ee092c827582c50877cdbd49e9ce6d2c5c1f6561f849b3b068c1b8029626f1"
            ],
            "version": "==2.2.1"
        }
    },
    "develop": {}
}
